<?xml version="1.0" encoding="utf-8"?>
<Project ToolsVersion="4.0" xmlns="http://schemas.microsoft.com/developer/msbuild/2003">
  <ItemGroup>
    <Filter Include="Framework">
      <UniqueIdentifier>{4FC737F1-C7A5-4376-A066-2A32D752A2FF}</UniqueIdentifier>
      <Extensions>cpp;c;cc;cxx;def;odl;idl;hpj;bat;asm;asmx</Extensions>
    </Filter>
    <Filter Include="Data">
      <UniqueIdentifier>{b4204586-61ca-42c8-b1ae-0f9f3c66982d}</UniqueIdentifier>
    </Filter>
    <Filter Include="Data\Gameplay">
      <UniqueIdentifier>{c91a7c1f-0c87-4c6d-bfea-b9b881719014}</UniqueIdentifier>
    </Filter>
    <Filter Include="Data\Maps">
      <UniqueIdentifier>{f4db0780-bcd7-41c5-a8fc-393d93529de5}</UniqueIdentifier>
    </Filter>
    <Filter Include="Scripting">
      <UniqueIdentifier>{15964794-2934-4558-b88a-035e9ebea62d}</UniqueIdentifier>
    </Filter>
    <Filter Include="Graphics">
      <UniqueIdentifier>{3dbf3a56-7e86-4b70-a272-d32858f86cf4}</UniqueIdentifier>
    </Filter>
    <Filter Include="Core">
      <UniqueIdentifier>{f8621b12-feda-44ff-8829-0bd0528b6b06}</UniqueIdentifier>
    </Filter>
    <Filter Include="DataParsers">
      <UniqueIdentifier>{b6e6e09d-d032-43d4-92a6-acda62d97e7d}</UniqueIdentifier>
    </Filter>
  </ItemGroup>
  <ItemGroup>
    <ClCompile Include="Scripting\ZephyrGameEvents.cpp">
      <Filter>Scripting</Filter>
    </ClCompile>
    <ClCompile Include="Core\App.cpp">
      <Filter>Framework</Filter>
    </ClCompile>
    <ClCompile Include="Core\GameCommon.cpp">
      <Filter>Framework</Filter>
    </ClCompile>
    <ClCompile Include="Core\Main_Windows.cpp">
      <Filter>Framework</Filter>
    </ClCompile>
    <ClCompile Include="Graphics\SpriteAnimationSetDefinition.cpp">
      <Filter>Framework</Filter>
    </ClCompile>
    <ClCompile Include="Framework\Game.cpp">
      <Filter>Framework</Filter>
    </ClCompile>
    <ClCompile Include="Framework\GameEntity.cpp">
      <Filter>Framework</Filter>
    </ClCompile>
    <ClCompile Include="Framework\Map.cpp">
      <Filter>Framework</Filter>
    </ClCompile>
    <ClCompile Include="Framework\World.cpp">
      <Filter>Framework</Filter>
    </ClCompile>
    <ClCompile Include="DataParsing\MapDefinition.cpp">
      <Filter>Framework</Filter>
    </ClCompile>
    <ClCompile Include="DataParsing\EntityTypeDefinition.cpp">
      <Filter>Framework</Filter>
    </ClCompile>
    <ClCompile Include="Graphics\SpriteAnimationSystem.cpp">
      <Filter>Framework</Filter>
    </ClCompile>
    <ClCompile Include="Graphics\SpriteRenderingSystem.cpp">
      <Filter>Framework</Filter>
    </ClCompile>
    <ClCompile Include="Graphics\SpriteAnimationComponent.cpp">
      <Filter>Framework</Filter>
    </ClCompile>
    <ClCompile Include="Graphics\SpriteAnimationComponentDefinition.cpp">
      <Filter>Framework</Filter>
    </ClCompile>
    <ClCompile Include="Graphics\SpriteAnimationScene.cpp">
      <Filter>Framework</Filter>
    </ClCompile>
    <ClCompile Include="DataParsing\EntityTypesParser.cpp">
      <Filter>Framework</Filter>
    </ClCompile>
    <ClCompile Include="DataParsing\WorldDefinitionParser.cpp">
      <Filter>Framework</Filter>
    </ClCompile>
    <ClCompile Include="DataParsing\DataLoader.cpp">
      <Filter>Framework</Filter>
    </ClCompile>
    <ClCompile Include="Framework\PointAndClickMap.cpp">
      <Filter>Framework</Filter>
    </ClCompile>
  </ItemGroup>
  <ItemGroup>
    <ClInclude Include="Scripting\ZephyrGameEvents.hpp">
      <Filter>Scripting</Filter>
    </ClInclude>
    <ClInclude Include="Core\App.hpp" />
    <ClInclude Include="Core\EngineBuildPreferences.hpp" />
    <ClInclude Include="Core\GameCommon.hpp" />
    <ClInclude Include="Graphics\SpriteAnimationSetDefinition.hpp" />
    <ClInclude Include="Framework\Game.hpp" />
    <ClInclude Include="Framework\GameEntity.hpp" />
    <ClInclude Include="Framework\Map.hpp" />
    <ClInclude Include="Framework\World.hpp" />
    <ClInclude Include="DataParsing\MapDefinition.hpp" />
    <ClInclude Include="DataParsing\EntityTypeDefinition.hpp" />
    <ClInclude Include="Graphics\SpriteAnimationSystem.hpp" />
    <ClInclude Include="Graphics\SpriteRenderingSystem.hpp" />
    <ClInclude Include="Graphics\SpriteAnimationScene.hpp" />
    <ClInclude Include="Graphics\SpriteAnimationComponent.hpp" />
    <ClInclude Include="Graphics\SpriteAnimationComponentDefinition.hpp" />
    <ClInclude Include="DataParsing\EntityTypesParser.hpp" />
    <ClInclude Include="DataParsing\WorldDefinitionParser.hpp" />
    <ClInclude Include="DataParsing\DataLoader.hpp" />
    <ClInclude Include="Framework\PointAndClickMap.hpp" />
  </ItemGroup>
</Project>