<?xml version="1.0" encoding="utf-8"?>
<Project ToolsVersion="4.0" xmlns="http://schemas.microsoft.com/developer/msbuild/2003">
  <ItemGroup>
    <Filter Include="Framework">
      <UniqueIdentifier>{4FC737F1-C7A5-4376-A066-2A32D752A2FF}</UniqueIdentifier>
      <Extensions>cpp;c;cc;cxx;def;odl;idl;hpj;bat;asm;asmx</Extensions>
    </Filter>
    <Filter Include="Data">
      <UniqueIdentifier>{b4204586-61ca-42c8-b1ae-0f9f3c66982d}</UniqueIdentifier>
    </Filter>
    <Filter Include="Data\Gameplay">
      <UniqueIdentifier>{c91a7c1f-0c87-4c6d-bfea-b9b881719014}</UniqueIdentifier>
    </Filter>
    <Filter Include="Data\Maps">
      <UniqueIdentifier>{f4db0780-bcd7-41c5-a8fc-393d93529de5}</UniqueIdentifier>
    </Filter>
    <Filter Include="Scripting">
      <UniqueIdentifier>{15964794-2934-4558-b88a-035e9ebea62d}</UniqueIdentifier>
    </Filter>
    <Filter Include="Graphics">
      <UniqueIdentifier>{3dbf3a56-7e86-4b70-a272-d32858f86cf4}</UniqueIdentifier>
    </Filter>
    <Filter Include="Core">
      <UniqueIdentifier>{f8621b12-feda-44ff-8829-0bd0528b6b06}</UniqueIdentifier>
    </Filter>
  </ItemGroup>
  <ItemGroup>
    <ClCompile Include="Game.cpp">
      <Filter>Framework</Filter>
    </ClCompile>
    <ClCompile Include="Map.cpp">
      <Filter>Framework</Filter>
    </ClCompile>
    <ClCompile Include="World.cpp">
      <Filter>Framework</Filter>
    </ClCompile>
    <ClCompile Include="EntityDefinition.cpp">
      <Filter>Framework</Filter>
    </ClCompile>
    <ClCompile Include="Main_Windows.cpp">
      <Filter>Core</Filter>
    </ClCompile>
    <ClCompile Include="App.cpp">
      <Filter>Core</Filter>
    </ClCompile>
    <ClCompile Include="GameCommon.cpp">
      <Filter>Core</Filter>
    </ClCompile>
    <ClCompile Include="SpriteAnimationSetDefinition.cpp">
      <Filter>Graphics</Filter>
    </ClCompile>
    <ClCompile Include="MapDefinition.cpp">
      <Filter>Framework</Filter>
    </ClCompile>
    <ClCompile Include="GameEntity.cpp">
      <Filter>Framework</Filter>
    </ClCompile>
    <ClCompile Include="Scripting\ZephyrGameEvents.cpp">
      <Filter>Scripting</Filter>
    </ClCompile>
  </ItemGroup>
  <ItemGroup>
    <ClInclude Include="Game.hpp">
      <Filter>Framework</Filter>
    </ClInclude>
    <ClInclude Include="Map.hpp">
      <Filter>Framework</Filter>
    </ClInclude>
    <ClInclude Include="World.hpp">
      <Filter>Framework</Filter>
    </ClInclude>
    <ClInclude Include="EntityDefinition.hpp">
      <Filter>Framework</Filter>
    </ClInclude>
    <ClInclude Include="App.hpp">
      <Filter>Core</Filter>
    </ClInclude>
    <ClInclude Include="EngineBuildPreferences.hpp">
      <Filter>Core</Filter>
    </ClInclude>
    <ClInclude Include="GameCommon.hpp">
      <Filter>Core</Filter>
    </ClInclude>
    <ClInclude Include="SpriteAnimationSetDefinition.hpp">
      <Filter>Graphics</Filter>
    </ClInclude>
    <ClInclude Include="MapDefinition.hpp">
      <Filter>Framework</Filter>
    </ClInclude>
    <ClInclude Include="GameEntity.hpp">
      <Filter>Framework</Filter>
    </ClInclude>
    <ClInclude Include="Scripting\ZephyrGameEvents.hpp">
      <Filter>Scripting</Filter>
    </ClInclude>
  </ItemGroup>
  <ItemGroup>
    <Xml Include="..\..\Run\Data\GameConfig.xml">
      <Filter>Data</Filter>
    </Xml>
    <Xml Include="..\..\Run\Data\Gameplay\TileDefs.xml">
      <Filter>Data\Gameplay</Filter>
    </Xml>
    <Xml Include="..\..\Run\Data\Gameplay\TileMaterialDefs.xml">
      <Filter>Data\Gameplay</Filter>
    </Xml>
    <Xml Include="..\..\Run\Data\Gameplay\EntityTypes.xml">
      <Filter>Data\Gameplay</Filter>
    </Xml>
    <Xml Include="..\..\Run\Data\Maps\Level1.xml">
      <Filter>Data\Maps</Filter>
    </Xml>
    <Xml Include="..\..\Run\Data\Gameplay\WorldDef.xml">
      <Filter>Data\Gameplay</Filter>
    </Xml>
    <Xml Include="..\..\Run\Data\PhysicsConfig.xml">
      <Filter>Data</Filter>
    </Xml>
  </ItemGroup>
</Project>